# THIS IS AN AUTOGENERATED FILE. DO NOT EDIT THIS FILE DIRECTLY.
# yarn lockfile v1


"@types/tough-cookie@^4.0.0":
  version "4.0.5"
  resolved "https://mirrors.tencent.com/npm/@types/tough-cookie/-/tough-cookie-4.0.5.tgz#cb6e2a691b70cb177c6e3ae9c1d2e8b2ea8cd304"
  integrity sha512-/Ad8+nIOV7Rl++6f1BdKxFSMgmoqEoYbHRpPcx3JEfv8VRsQe9Z4mCXeJBzxs7mbHY/XOZZuXlRNfhpVPbs6ZA==

already@^2.2.1:
  version "2.2.1"
  resolved "https://mirrors.tencent.com/npm/already/-/already-2.2.1.tgz#98c257baa0d3fe62d85163ff288235ba11e3f188"
  integrity sha512-qk6RIVMS/R1yTvBzfIL1T76PsIL7DIVCINoLuFw2YXKLpLtsTobqdChMs8m3OhuPS3CEE3+Ra5ibYiqdyogbsQ==

callguard@^2.0.0:
  version "2.0.0"
  resolved "https://mirrors.tencent.com/npm/callguard/-/callguard-2.0.0.tgz#32f98348ff82cb1dfcf7d1b198108cf4f5b64c1f"
  integrity sha512-I3nd+fuj20FK1qu00ImrbH+II+8ULS6ioYr9igqR1xyqySoqc3DiHEyUM0mkoAdKeLGg2CtGnO8R3VRQX5krpQ==

fetch-h2@^3.0.2:
  version "3.0.2"
  resolved "https://mirrors.tencent.com/npm/fetch-h2/-/fetch-h2-3.0.2.tgz#9ac61967ccb821f80bc084c0c7201152ef1c9573"
  integrity sha512-Lo6UPdMKKc9Ond7yjG2vq0mnocspOLh1oV6+XZdtfdexacvMSz5xm3WoQhTAdoR2+UqPlyMNqcqfecipoD+l/A==
  dependencies:
    "@types/tough-cookie" "^4.0.0"
    already "^2.2.1"
    callguard "^2.0.0"
    get-stream "^6.0.1"
    through2 "^4.0.2"
    to-arraybuffer "^1.0.1"
    tough-cookie "^4.0.0"

get-stream@^6.0.1:
  version "6.0.1"
  resolved "https://mirrors.tencent.com/npm/get-stream/-/get-stream-6.0.1.tgz#a262d8eef67aced57c2852ad6167526a43cbf7b7"
  integrity sha512-ts6Wi+2j3jQjqi70w5AlN8DFnkSwC+MqmxEzdEALB2qXZYV3X/b1CTfgPLGJNMeAWxdPfU8FO1ms3NUfaHCPYg==

http2-client@^1.3.0, http2-client@^1.3.5:
  version "1.3.5"
  resolved "https://mirrors.tencent.com/npm/http2-client/-/http2-client-1.3.5.tgz#20c9dc909e3cc98284dd20af2432c524086df181"
  integrity sha512-EC2utToWl4RKfs5zd36Mxq7nzHHBuomZboI0yYL6Y0RmBgT7Sgkq4rQ0ezFTYoIsSs7Tm9SJe+o2FcAg6GBhGA==

inherits@^2.0.3:
  version "2.0.4"
  resolved "https://mirrors.tencent.com/npm/inherits/-/inherits-2.0.4.tgz#0fa2c64f932917c3433a0ded55363aae37416b7c"
  integrity sha512-k/vGaX4/Yla3WzyMCvTQOXYeIHvqOKtnqBduzTHpzpQZzAskKMhZ2K+EnBiSM9zGSoIFeMpXKxa4dYeZIQqewQ==

node-fetch-h2@^2.3.1-0:
  version "2.3.1-0"
  resolved "https://mirrors.tencent.com/npm/node-fetch-h2/-/node-fetch-h2-2.3.1-0.tgz#84f4ad4b01504fd1a088197f9e86827970906718"
  integrity sha512-32dqNrygLc8tdEwwqIATWqtq1+GFkUWn5/TaCj8FnHWBpCwkzyAcQpdjk4jKdYNTa1fdeZw164hrp0hGCvyrVA==
  dependencies:
    http2-client "^1.3.0"

node-fetch@^2.7.0:
  version "2.7.0"
  resolved "https://mirrors.tencent.com/npm/node-fetch/-/node-fetch-2.7.0.tgz#d0f0fa6e3e2dc1d27efcd8ad99d550bda94d187d"
  integrity sha512-c4FRfUm/dbcWZ7U+1Wq0AwCyFL+3nt2bEw05wfxSz+DWpWsitgmSgYmy2dQdWyKC1694ELPqMs/YzUSNozLt8A==
  dependencies:
    whatwg-url "^5.0.0"

psl@^1.1.33:
  version "1.9.0"
  resolved "https://mirrors.tencent.com/npm/psl/-/psl-1.9.0.tgz#d0df2a137f00794565fcaf3b2c00cd09f8d5a5a7"
  integrity sha512-E/ZsdU4HLs/68gYzgGTkMicWTLPdAftJLfJFlLUAAKZGkStNU72sZjT66SnMDVOfOWY/YAoiD7Jxa9iHvngcag==

punycode@^2.1.1:
  version "2.3.1"
  resolved "https://mirrors.tencent.com/npm/punycode/-/punycode-2.3.1.tgz#027422e2faec0b25e1549c3e1bd8309b9133b6e5"
  integrity sha512-vYt7UD1U9Wg6138shLtLOvdAu+8DsC/ilFtEVHcH+wydcSpNE20AfSOduf6MkRFahL5FY7X1oU7nKVZFtfq8Fg==

querystringify@^2.1.1:
  version "2.2.0"
  resolved "https://mirrors.tencent.com/npm/querystringify/-/querystringify-2.2.0.tgz#3345941b4153cb9d082d8eee4cda2016a9aef7f6"
  integrity sha512-FIqgj2EUvTa7R50u0rGsyTftzjYmv/a3hO345bZNrqabNqjtgiDMgmo4mkUjd+nzU5oF3dClKqFIPUKybUyqoQ==

readable-stream@3:
  version "3.6.2"
  resolved "https://mirrors.tencent.com/npm/readable-stream/-/readable-stream-3.6.2.tgz#56a9b36ea965c00c5a93ef31eb111a0f11056967"
  integrity sha512-9u/sniCrY3D5WdsERHzHE4G2YCXqoG5FTHUiCC4SIbr6XcLZBY05ya9EKjYek9O5xOAwjGq+1JdGBAS7Q9ScoA==
  dependencies:
    inherits "^2.0.3"
    string_decoder "^1.1.1"
    util-deprecate "^1.0.1"

requires-port@^1.0.0:
  version "1.0.0"
  resolved "https://mirrors.tencent.com/npm/requires-port/-/requires-port-1.0.0.tgz#925d2601d39ac485e091cf0da5c6e694dc3dcaff"
  integrity sha512-KigOCHcocU3XODJxsu8i/j8T9tzT4adHiecwORRQ0ZZFcp7ahwXuRU1m+yuO90C5ZUyGeGfocHDI14M3L3yDAQ==

safe-buffer@~5.2.0:
  version "5.2.1"
  resolved "https://mirrors.tencent.com/npm/safe-buffer/-/safe-buffer-5.2.1.tgz#1eaf9fa9bdb1fdd4ec75f58f9cdb4e6b7827eec6"
  integrity sha512-rp3So07KcdmmKbGvgaNxQSJr7bGVSVk5S9Eq1F+ppbRo70+YeaDxkw5Dd8NPN+GD6bjnYm2VuPuCXmpuYvmCXQ==

string_decoder@^1.1.1:
  version "1.3.0"
  resolved "https://mirrors.tencent.com/npm/string_decoder/-/string_decoder-1.3.0.tgz#42f114594a46cf1a8e30b0a84f56c78c3edac21e"
  integrity sha512-hkRX8U1WjJFd8LsDJ2yQ/wWWxaopEsABU1XfkM8A+j0+85JAGppt16cr1Whg6KIbb4okU6Mql6BOj+uup/wKeA==
  dependencies:
    safe-buffer "~5.2.0"

through2@^4.0.2:
  version "4.0.2"
  resolved "https://mirrors.tencent.com/npm/through2/-/through2-4.0.2.tgz#a7ce3ac2a7a8b0b966c80e7c49f0484c3b239764"
  integrity sha512-iOqSav00cVxEEICeD7TjLB1sueEL+81Wpzp2bY17uZjZN0pWZPuo4suZ/61VujxmqSGFfgOcNuTZ85QJwNZQpw==
  dependencies:
    readable-stream "3"

to-arraybuffer@^1.0.1:
  version "1.0.1"
  resolved "https://mirrors.tencent.com/npm/to-arraybuffer/-/to-arraybuffer-1.0.1.tgz#7d229b1fcc637e466ca081180836a7aabff83f43"
  integrity sha512-okFlQcoGTi4LQBG/PgSYblw9VOyptsz2KJZqc6qtgGdes8VktzUQkj4BI2blit072iS8VODNcMA+tvnS9dnuMA==

tough-cookie@^4.0.0:
  version "4.1.4"
  resolved "https://mirrors.tencent.com/npm/tough-cookie/-/tough-cookie-4.1.4.tgz#945f1461b45b5a8c76821c33ea49c3ac192c1b36"
  integrity sha512-Loo5UUvLD9ScZ6jh8beX1T6sO1w2/MpCRpEP7V280GKMVUQ0Jzar2U3UJPsrdbziLEMMhu3Ujnq//rhiFuIeag==
  dependencies:
    psl "^1.1.33"
    punycode "^2.1.1"
    universalify "^0.2.0"
    url-parse "^1.5.3"

tr46@~0.0.3:
  version "0.0.3"
  resolved "https://mirrors.tencent.com/npm/tr46/-/tr46-0.0.3.tgz#8184fd347dac9cdc185992f3a6622e14b9d9ab6a"
  integrity sha512-N3WMsuqV66lT30CrXNbEjx4GEwlow3v6rr4mCcv6prnfwhS01rkgyFdjPNBYd9br7LpXV1+Emh01fHnq2Gdgrw==

universalify@^0.2.0:
  version "0.2.0"
  resolved "https://mirrors.tencent.com/npm/universalify/-/universalify-0.2.0.tgz#6451760566fa857534745ab1dde952d1b1761be0"
  integrity sha512-CJ1QgKmNg3CwvAv/kOFmtnEN05f0D/cn9QntgNOQlQF9dgvVTHj3t+8JPdjqawCHk7V/KA+fbUqzZ9XWhcqPUg==

url-parse@^1.5.3:
  version "1.5.10"
  resolved "https://mirrors.tencent.com/npm/url-parse/-/url-parse-1.5.10.tgz#9d3c2f736c1d75dd3bd2be507dcc111f1e2ea9c1"
  integrity sha512-WypcfiRhfeUP9vvF0j6rw0J3hrWrw6iZv3+22h6iRMJ/8z1Tj6XfLP4DsUix5MhMPnXpiHDoKyoZ/bdCkwBCiQ==
  dependencies:
    querystringify "^2.1.1"
    requires-port "^1.0.0"

util-deprecate@^1.0.1:
  version "1.0.2"
  resolved "https://mirrors.tencent.com/npm/util-deprecate/-/util-deprecate-1.0.2.tgz#450d4dc9fa70de732762fbd2d4a28981419a0ccf"
  integrity sha512-EPD5q1uXyFxJpCrLnCc1nHnq3gOa6DZBocAIiI2TaSCA7VCJ1UJDMagCzIkXNsUYfD1daK//LTEQ8xiIbrHtcw==

webidl-conversions@^3.0.0:
  version "3.0.1"
  resolved "https://mirrors.tencent.com/npm/webidl-conversions/-/webidl-conversions-3.0.1.tgz#24534275e2a7bc6be7bc86611cc16ae0a5654871"
  integrity sha512-2JAn3z8AR6rjK8Sm8orRC0h/bcl/DqL7tRPdGZ4I1CjdF+EaMLmYxBHyXuKL849eucPFhvBoxMsflfOb8kxaeQ==

whatwg-url@^5.0.0:
  version "5.0.0"
  resolved "https://mirrors.tencent.com/npm/whatwg-url/-/whatwg-url-5.0.0.tgz#966454e8765462e37644d3626f6742ce8b70965d"
  integrity sha512-saE57nupxk6v3HY35+jzBwYa0rKSy0XR8JSxZPwgLr7ys0IBzhGviA1/TUGJLmSVqs8pb9AnvICXEuOHLprYTw==
  dependencies:
    tr46 "~0.0.3"
    webidl-conversions "^3.0.0"

zlib@^1.0.5:
  version "1.0.5"
  resolved "https://mirrors.tencent.com/npm/zlib/-/zlib-1.0.5.tgz#6e7c972fc371c645a6afb03ab14769def114fcc0"
  integrity sha512-40fpE2II+Cd3k8HWTWONfeKE2jL+P42iWJ1zzps5W51qcTsOUKM5Q5m2PFb0CLxlmFAaUuUdJGc3OfZy947v0w==
